// !$*UTF8*$!
{
	archiveVersion = 1;
	classes = {
	};
	objectVersion = 46;
	objects = {

/* Begin PBXBuildFile section */
		13C249D3153E957623084551 /* Pods_instacool.framework in Frameworks */ = {isa = PBXBuildFile; fileRef = 1A8ACCC6F60E254CA1DBA0B8 /* Pods_instacool.framework */; };
		2CFBE74B1C73EAF40073A404 /* AppDelegate.swift in Sources */ = {isa = PBXBuildFile; fileRef = 2CFBE74A1C73EAF40073A404 /* AppDelegate.swift */; };
		2CFBE74D1C73EAF40073A404 /* ViewController.swift in Sources */ = {isa = PBXBuildFile; fileRef = 2CFBE74C1C73EAF40073A404 /* ViewController.swift */; };
		2CFBE7501C73EAF40073A404 /* Main.storyboard in Resources */ = {isa = PBXBuildFile; fileRef = 2CFBE74E1C73EAF40073A404 /* Main.storyboard */; };
		2CFBE7521C73EAF40073A404 /* Assets.xcassets in Resources */ = {isa = PBXBuildFile; fileRef = 2CFBE7511C73EAF40073A404 /* Assets.xcassets */; };
		2CFBE7551C73EAF40073A404 /* LaunchScreen.storyboard in Resources */ = {isa = PBXBuildFile; fileRef = 2CFBE7531C73EAF40073A404 /* LaunchScreen.storyboard */; };
		2CFBE75D1C73F0320073A404 /* LoginViewController.swift in Sources */ = {isa = PBXBuildFile; fileRef = 2CFBE75C1C73F0320073A404 /* LoginViewController.swift */; };
		2CFBE75F1C73F8EA0073A404 /* HomePageViewController.swift in Sources */ = {isa = PBXBuildFile; fileRef = 2CFBE75E1C73F8EA0073A404 /* HomePageViewController.swift */; };
		2CFBE7631C75044D0073A404 /* UserMedia.swift in Sources */ = {isa = PBXBuildFile; fileRef = 2CFBE7621C75044D0073A404 /* UserMedia.swift */; };
/* End PBXBuildFile section */

/* Begin PBXFileReference section */
		1A8ACCC6F60E254CA1DBA0B8 /* Pods_instacool.framework */ = {isa = PBXFileReference; explicitFileType = wrapper.framework; includeInIndex = 0; path = Pods_instacool.framework; sourceTree = BUILT_PRODUCTS_DIR; };
		2CFBE7471C73EAF40073A404 /* instacool.app */ = {isa = PBXFileReference; explicitFileType = wrapper.application; includeInIndex = 0; path = instacool.app; sourceTree = BUILT_PRODUCTS_DIR; };
		2CFBE74A1C73EAF40073A404 /* AppDelegate.swift */ = {isa = PBXFileReference; lastKnownFileType = sourcecode.swift; path = AppDelegate.swift; sourceTree = "<group>"; };
		2CFBE74C1C73EAF40073A404 /* ViewController.swift */ = {isa = PBXFileReference; lastKnownFileType = sourcecode.swift; path = ViewController.swift; sourceTree = "<group>"; };
		2CFBE74F1C73EAF40073A404 /* Base */ = {isa = PBXFileReference; lastKnownFileType = file.storyboard; name = Base; path = Base.lproj/Main.storyboard; sourceTree = "<group>"; };
		2CFBE7511C73EAF40073A404 /* Assets.xcassets */ = {isa = PBXFileReference; lastKnownFileType = folder.assetcatalog; path = Assets.xcassets; sourceTree = "<group>"; };
		2CFBE7541C73EAF40073A404 /* Base */ = {isa = PBXFileReference; lastKnownFileType = file.storyboard; name = Base; path = Base.lproj/LaunchScreen.storyboard; sourceTree = "<group>"; };
		2CFBE7561C73EAF40073A404 /* Info.plist */ = {isa = PBXFileReference; lastKnownFileType = text.plist.xml; path = Info.plist; sourceTree = "<group>"; };
		2CFBE75C1C73F0320073A404 /* LoginViewController.swift */ = {isa = PBXFileReference; fileEncoding = 4; lastKnownFileType = sourcecode.swift; path = LoginViewController.swift; sourceTree = "<group>"; };
		2CFBE75E1C73F8EA0073A404 /* HomePageViewController.swift */ = {isa = PBXFileReference; fileEncoding = 4; lastKnownFileType = sourcecode.swift; path = HomePageViewController.swift; sourceTree = "<group>"; };
		2CFBE7621C75044D0073A404 /* UserMedia.swift */ = {isa = PBXFileReference; fileEncoding = 4; lastKnownFileType = sourcecode.swift; path = UserMedia.swift; sourceTree = "<group>"; };
		B04C85C38B616186F0A64CA4 /* Pods-instacool.release.xcconfig */ = {isa = PBXFileReference; includeInIndex = 1; lastKnownFileType = text.xcconfig; name = "Pods-instacool.release.xcconfig"; path = "Pods/Target Support Files/Pods-instacool/Pods-instacool.release.xcconfig"; sourceTree = "<group>"; };
		E8983D0349EA63EF9BD5D130 /* Pods-instacool.debug.xcconfig */ = {isa = PBXFileReference; includeInIndex = 1; lastKnownFileType = text.xcconfig; name = "Pods-instacool.debug.xcconfig"; path = "Pods/Target Support Files/Pods-instacool/Pods-instacool.debug.xcconfig"; sourceTree = "<group>"; };
/* End PBXFileReference section */

/* Begin PBXFrameworksBuildPhase section */
		2CFBE7441C73EAF40073A404 /* Frameworks */ = {
			isa = PBXFrameworksBuildPhase;
			buildActionMask = 2147483647;
			files = (
				13C249D3153E957623084551 /* Pods_instacool.framework in Frameworks */,
			);
			runOnlyForDeploymentPostprocessing = 0;
		};
/* End PBXFrameworksBuildPhase section */

/* Begin PBXGroup section */
		2CFBE73E1C73EAF30073A404 = {
			isa = PBXGroup;
			children = (
				2CFBE7491C73EAF40073A404 /* instacool */,
				2CFBE7481C73EAF40073A404 /* Products */,
				4BC15F7ED3A25AD800FFABB5 /* Pods */,
				E1518E771A7425E9ACEDB432 /* Frameworks */,
			);
			sourceTree = "<group>";
		};
		2CFBE7481C73EAF40073A404 /* Products */ = {
			isa = PBXGroup;
			children = (
				2CFBE7471C73EAF40073A404 /* instacool.app */,
			);
			name = Products;
			sourceTree = "<group>";
		};
		2CFBE7491C73EAF40073A404 /* instacool */ = {
			isa = PBXGroup;
			children = (
				2CFBE7611C7504240073A404 /* Model */,
				2CFBE7601C73FA150073A404 /* View Controller */,
				2CFBE74A1C73EAF40073A404 /* AppDelegate.swift */,
				2CFBE74C1C73EAF40073A404 /* ViewController.swift */,
				2CFBE74E1C73EAF40073A404 /* Main.storyboard */,
				2CFBE7511C73EAF40073A404 /* Assets.xcassets */,
				2CFBE7531C73EAF40073A404 /* LaunchScreen.storyboard */,
				2CFBE7561C73EAF40073A404 /* Info.plist */,
				2CFBE75E1C73F8EA0073A404 /* HomePageViewController.swift */,
			);
			path = instacool;
			sourceTree = "<group>";
		};
		2CFBE7601C73FA150073A404 /* View Controller */ = {
			isa = PBXGroup;
			children = (
				2CFBE75C1C73F0320073A404 /* LoginViewController.swift */,
			);
			name = "View Controller";
			sourceTree = "<group>";
		};
		2CFBE7611C7504240073A404 /* Model */ = {
			isa = PBXGroup;
			children = (
				2CFBE7621C75044D0073A404 /* UserMedia.swift */,
			);
			name = Model;
			sourceTree = "<group>";
		};
		4BC15F7ED3A25AD800FFABB5 /* Pods */ = {
			isa = PBXGroup;
			children = (
				E8983D0349EA63EF9BD5D130 /* Pods-instacool.debug.xcconfig */,
				B04C85C38B616186F0A64CA4 /* Pods-instacool.release.xcconfig */,
			);
			name = Pods;
			sourceTree = "<group>";
		};
		E1518E771A7425E9ACEDB432 /* Frameworks */ = {
			isa = PBXGroup;
			children = (
				1A8ACCC6F60E254CA1DBA0B8 /* Pods_instacool.framework */,
			);
			name = Frameworks;
			sourceTree = "<group>";
		};
/* End PBXGroup section */

/* Begin PBXNativeTarget section */
		2CFBE7461C73EAF40073A404 /* instacool */ = {
			isa = PBXNativeTarget;
			buildConfigurationList = 2CFBE7591C73EAF40073A404 /* Build configuration list for PBXNativeTarget "instacool" */;
			buildPhases = (
				7F42192B0904518C4EB86871 /* Check Pods Manifest.lock */,
				2CFBE7431C73EAF40073A404 /* Sources */,
				2CFBE7441C73EAF40073A404 /* Frameworks */,
				2CFBE7451C73EAF40073A404 /* Resources */,
				B582A51544B3765646D98D24 /* Embed Pods Frameworks */,
				D33F3255A733789F7E6A1533 /* Copy Pods Resources */,
			);
			buildRules = (
			);
			dependencies = (
			);
			name = instacool;
			productName = instacool;
			productReference = 2CFBE7471C73EAF40073A404 /* instacool.app */;
			productType = "com.apple.product-type.application";
		};
/* End PBXNativeTarget section */

/* Begin PBXProject section */
		2CFBE73F1C73EAF30073A404 /* Project object */ = {
			isa = PBXProject;
			attributes = {
				LastSwiftUpdateCheck = 0720;
				LastUpgradeCheck = 0720;
				ORGANIZATIONNAME = "Bishal Gautam";
				TargetAttributes = {
					2CFBE7461C73EAF40073A404 = {
						CreatedOnToolsVersion = 7.2;
					};
				};
			};
			buildConfigurationList = 2CFBE7421C73EAF30073A404 /* Build configuration list for PBXProject "instacool" */;
			compatibilityVersion = "Xcode 3.2";
			developmentRegion = English;
			hasScannedForEncodings = 0;
			knownRegions = (
				en,
				Base,
			);
			mainGroup = 2CFBE73E1C73EAF30073A404;
			productRefGroup = 2CFBE7481C73EAF40073A404 /* Products */;
			projectDirPath = "";
			projectRoot = "";
			targets = (
				2CFBE7461C73EAF40073A404 /* instacool */,
			);
		};
/* End PBXProject section */

/* Begin PBXResourcesBuildPhase section */
		2CFBE7451C73EAF40073A404 /* Resources */ = {
			isa = PBXResourcesBuildPhase;
			buildActionMask = 2147483647;
			files = (
				2CFBE7551C73EAF40073A404 /* LaunchScreen.storyboard in Resources */,
				2CFBE7521C73EAF40073A404 /* Assets.xcassets in Resources */,
				2CFBE7501C73EAF40073A404 /* Main.storyboard in Resources */,
			);
			runOnlyForDeploymentPostprocessing = 0;
		};
/* End PBXResourcesBuildPhase section */

/* Begin PBXShellScriptBuildPhase section */
		7F42192B0904518C4EB86871 /* Check Pods Manifest.lock */ = {
			isa = PBXShellScriptBuildPhase;
			buildActionMask = 2147483647;
			files = (
			);
			inputPaths = (
			);
			name = "Check Pods Manifest.lock";
			outputPaths = (
			);
			runOnlyForDeploymentPostprocessing = 0;
			shellPath = /bin/sh;
			shellScript = "diff \"${PODS_ROOT}/../Podfile.lock\" \"${PODS_ROOT}/Manifest.lock\" > /dev/null\nif [[ $? != 0 ]] ; then\n    cat << EOM\nerror: The sandbox is not in sync with the Podfile.lock. Run 'pod install' or update your CocoaPods installation.\nEOM\n    exit 1\nfi\n";
			showEnvVarsInLog = 0;
		};
		B582A51544B3765646D98D24 /* Embed Pods Frameworks */ = {
			isa = PBXShellScriptBuildPhase;
			buildActionMask = 2147483647;
			files = (
			);
			inputPaths = (
			);
			name = "Embed Pods Frameworks";
			outputPaths = (
			);
			runOnlyForDeploymentPostprocessing = 0;
			shellPath = /bin/sh;
			shellScript = "\"${SRCROOT}/Pods/Target Support Files/Pods-instacool/Pods-instacool-frameworks.sh\"\n";
			showEnvVarsInLog = 0;
		};
		D33F3255A733789F7E6A1533 /* Copy Pods Resources */ = {
			isa = PBXShellScriptBuildPhase;
			buildActionMask = 2147483647;
			files = (
			);
			inputPaths = (
			);
			name = "Copy Pods Resources";
			outputPaths = (
			);
			runOnlyForDeploymentPostprocessing = 0;
			shellPath = /bin/sh;
			shellScript = "\"${SRCROOT}/Pods/Target Support Files/Pods-instacool/Pods-instacool-resources.sh\"\n";
			showEnvVarsInLog = 0;
		};
/* End PBXShellScriptBuildPhase section */

/* Begin PBXSourcesBuildPhase section */
		2CFBE7431C73EAF40073A404 /* Sources */ = {
			isa = PBXSourcesBuildPhase;
			buildActionMask = 2147483647;
			files = (
				2CFBE75F1C73F8EA0073A404 /* HomePageViewController.swift in Sources */,
				2CFBE75D1C73F0320073A404 /* LoginViewController.swift in Sources */,
				2CFBE74D1C73EAF40073A404 /* ViewController.swift in Sources */,
				2CFBE7631C75044D0073A404 /* UserMedia.swift in Sources */,
				2CFBE74B1C73EAF40073A404 /* AppDelegate.swift in Sources */,
			);
			runOnlyForDeploymentPostprocessing = 0;
		};
/* End PBXSourcesBuildPhase section */

/* Begin PBXVariantGroup section */
		2CFBE74E1C73EAF40073A404 /* Main.storyboard */ = {
			isa = PBXVariantGroup;
			children = (
				2CFBE74F1C73EAF40073A404 /* Base */,
			);
			name = Main.storyboard;
			sourceTree = "<group>";
		};
		2CFBE7531C73EAF40073A404 /* LaunchScreen.storyboard */ = {
			isa = PBXVariantGroup;
			children = (
				2CFBE7541C73EAF40073A404 /* Base */,
			);
			name = LaunchScreen.storyboard;
			sourceTree = "<group>";
		};
/* End PBXVariantGroup section */

/* Begin XCBuildConfiguration section */
		2CFBE7571C73EAF40073A404 /* Debug */ = {
			isa = XCBuildConfiguration;
			buildSettings = {
				ALWAYS_SEARCH_USER_PATHS = NO;
				CLANG_CXX_LANGUAGE_STANDARD = "gnu++0x";
				CLANG_CXX_LIBRARY = "libc++";
				CLANG_ENABLE_MODULES = YES;
				CLANG_ENABLE_OBJC_ARC = YES;
				CLANG_WARN_BOOL_CONVERSION = YES;
				CLANG_WARN_CONSTANT_CONVERSION = YES;
				CLANG_WARN_DIRECT_OBJC_ISA_USAGE = YES_ERROR;
				CLANG_WARN_EMPTY_BODY = YES;
				CLANG_WARN_ENUM_CONVERSION = YES;
				CLANG_WARN_INT_CONVERSION = YES;
				CLANG_WARN_OBJC_ROOT_CLASS = YES_ERROR;
				CLANG_WARN_UNREACHABLE_CODE = YES;
				CLANG_WARN__DUPLICATE_METHOD_MATCH = YES;
				"CODE_SIGN_IDENTITY[sdk=iphoneos*]" = "iPhone Developer";
				COPY_PHASE_STRIP = NO;
				DEBUG_INFORMATION_FORMAT = dwarf;
				ENABLE_STRICT_OBJC_MSGSEND = YES;
				ENABLE_TESTABILITY = YES;
				GCC_C_LANGUAGE_STANDARD = gnu99;
				GCC_DYNAMIC_NO_PIC = NO;
				GCC_NO_COMMON_BLOCKS = YES;
				GCC_OPTIMIZATION_LEVEL = 0;
				GCC_PREPROCESSOR_DEFINITIONS = (
					"DEBUG=1",
					"$(inherited)",
				);
				GCC_WARN_64_TO_32_BIT_CONVERSION = YES;
				GCC_WARN_ABOUT_RETURN_TYPE = YES_ERROR;
				GCC_WARN_UNDECLARED_SELECTOR = YES;
				GCC_WARN_UNINITIALIZED_AUTOS = YES_AGGRESSIVE;
				GCC_WARN_UNUSED_FUNCTION = YES;
				GCC_WARN_UNUSED_VARIABLE = YES;
				IPHONEOS_DEPLOYMENT_TARGET = 9.2;
				MTL_ENABLE_DEBUG_INFO = YES;
				ONLY_ACTIVE_ARCH = YES;
				SDKROOT = iphoneos;
				SWIFT_OPTIMIZATION_LEVEL = "-Onone";
				TARGETED_DEVICE_FAMILY = "1,2";
			};
			name = Debug;
		};
		2CFBE7581C73EAF40073A404 /* Release */ = {
			isa = XCBuildConfiguration;
			buildSettings = {
				ALWAYS_SEARCH_USER_PATHS = NO;
				CLANG_CXX_LANGUAGE_STANDARD = "gnu++0x";
				CLANG_CXX_LIBRARY = "libc++";
				CLANG_ENABLE_MODULES = YES;
				CLANG_ENABLE_OBJC_ARC = YES;
				CLANG_WARN_BOOL_CONVERSION = YES;
				CLANG_WARN_CONSTANT_CONVERSION = YES;
				CLANG_WARN_DIRECT_OBJC_ISA_USAGE = YES_ERROR;
				CLANG_WARN_EMPTY_BODY = YES;
				CLANG_WARN_ENUM_CONVERSION = YES;
				CLANG_WARN_INT_CONVERSION = YES;
				CLANG_WARN_OBJC_ROOT_CLASS = YES_ERROR;
				CLANG_WARN_UNREACHABLE_CODE = YES;
				CLANG_WARN__DUPLICATE_METHOD_MATCH = YES;
				"CODE_SIGN_IDENTITY[sdk=iphoneos*]" = "iPhone Developer";
				COPY_PHASE_STRIP = NO;
				DEBUG_INFORMATION_FORMAT = "dwarf-with-dsym";
				ENABLE_NS_ASSERTIONS = NO;
				ENABLE_STRICT_OBJC_MSGSEND = YES;
				GCC_C_LANGUAGE_STANDARD = gnu99;
				GCC_NO_COMMON_BLOCKS = YES;
				GCC_WARN_64_TO_32_BIT_CONVERSION = YES;
				GCC_WARN_ABOUT_RETURN_TYPE = YES_ERROR;
				GCC_WARN_UNDECLARED_SELECTOR = YES;
				GCC_WARN_UNINITIALIZED_AUTOS = YES_AGGRESSIVE;
				GCC_WARN_UNUSED_FUNCTION = YES;
				GCC_WARN_UNUSED_VARIABLE = YES;
				IPHONEOS_DEPLOYMENT_TARGET = 9.2;
				MTL_ENABLE_DEBUG_INFO = NO;
				SDKROOT = iphoneos;
				TARGETED_DEVICE_FAMILY = "1,2";
				VALIDATE_PRODUCT = YES;
			};
			name = Release;
		};
		2CFBE75A1C73EAF40073A404 /* Debug */ = {
			isa = XCBuildConfiguration;
			baseConfigurationReference = E8983D0349EA63EF9BD5D130 /* Pods-instacool.debug.xcconfig */;
			buildSettings = {
				ASSETCATALOG_COMPILER_APPICON_NAME = AppIcon;
				INFOPLIST_FILE = instacool/Info.plist;
				LD_RUNPATH_SEARCH_PATHS = "$(inherited) @executable_path/Frameworks";
				PRODUCT_BUNDLE_IDENTIFIER = UFpractice.instacool;
				PRODUCT_NAME = "$(TARGET_NAME)";
			};
			name = Debug;
		};
		2CFBE75B1C73EAF40073A404 /* Release */ = {
			isa = XCBuildConfiguration;
			baseConfigurationReference = B04C85C38B616186F0A64CA4 /* Pods-instacool.release.xcconfig */;
			buildSettings = {
				ASSETCATALOG_COMPILER_APPICON_NAME = AppIcon;
				INFOPLIST_FILE = instacool/Info.plist;
				LD_RUNPATH_SEARCH_PATHS = "$(inherited) @executable_path/Frameworks";
				PRODUCT_BUNDLE_IDENTIFIER = UFpractice.instacool;
				PRODUCT_NAME = "$(TARGET_NAME)";
			};
			name = Release;
		};
/* End XCBuildConfiguration section */

/* Begin XCConfigurationList section */
		2CFBE7421C73EAF30073A404 /* Build configuration list for PBXProject "instacool" */ = {
			isa = XCConfigurationList;
			buildConfigurations = (
				2CFBE7571C73EAF40073A404 /* Debug */,
				2CFBE7581C73EAF40073A404 /* Release */,
			);
			defaultConfigurationIsVisible = 0;
			defaultConfigurationName = Release;
		};
		2CFBE7591C73EAF40073A404 /* Build configuration list for PBXNativeTarget "instacool" */ = {
			isa = XCConfigurationList;
			buildConfigurations = (
				2CFBE75A1C73EAF40073A404 /* Debug */,
				2CFBE75B1C73EAF40073A404 /* Release */,
			);
			defaultConfigurationIsVisible = 0;
			defaultConfigurationName = Release;
		};
/* End XCConfigurationList section */
	};
	rootObject = 2CFBE73F1C73EAF30073A404 /* Project object */;
}
